// !$*UTF8*$!
{
	archiveVersion = 1;
	classes = {
	};
	objectVersion = 77;
	objects = {

/* Begin PBXBuildFile section */
		D6AA8B012FE55DE600E0B201 /* FirebaseAuth in Frameworks */ = {isa = PBXBuildFile; productRef = D6AA8B022FE55DE600E0B202 /* FirebaseAuth */; };
		D6AA8B032FE55DE600E0B203 /* FirebaseFirestore in Frameworks */ = {isa = PBXBuildFile; productRef = D6AA8B042FE55DE600E0B204 /* FirebaseFirestore */; };
		D6AA8BF4300BD56100E0B102 /* FirebaseAI in Frameworks */ = {isa = PBXBuildFile; productRef = D6AA8BF3300BD56100E0B102 /* FirebaseAI */; };
		D6AA8BF6300BD56100E0B102 /* FirebaseAnalytics in Frameworks */ = {isa = PBXBuildFile; productRef = D6AA8BF5300BD56100E0B102 /* FirebaseAnalytics */; };
		D6AA8BF8300BD56100E0B102 /* FirebaseCore in Frameworks */ = {isa = PBXBuildFile; productRef = D6AA8BF7300BD56100E0B102 /* FirebaseCore */; };
		D6AA8BFA300BD56100E0B102 /* FirebaseFirestoreCombine-Community in Frameworks */ = {isa = PBXBuildFile; productRef = D6AA8BF9300BD56100E0B102 /* FirebaseFirestoreCombine-Community */; };
		D6AA8BFC300BD56100E0B102 /* FirebaseFunctions in Frameworks */ = {isa = PBXBuildFile; productRef = D6AA8BFB300BD56100E0B102 /* FirebaseFunctions */; };
		D6AA8BFE300BD56100E0B102 /* FirebaseFunctionsCombine-Community in Frameworks */ = {isa = PBXBuildFile; productRef = D6AA8BFD300BD56100E0B102 /* FirebaseFunctionsCombine-Community */; };
		D6AA8C00300BD56100E0B102 /* FirebaseInAppMessaging-Beta in Frameworks */ = {isa = PBXBuildFile; productRef = D6AA8BFF300BD56100E0B102 /* FirebaseInAppMessaging-Beta */; };
		D6AA8C02300BD56100E0B102 /* FirebaseInstallations in Frameworks */ = {isa = PBXBuildFile; productRef = D6AA8C01300BD56100E0B102 /* FirebaseInstallations */; };
		D6AA8C04300BD56100E0B102 /* FirebaseMLModelDownloader in Frameworks */ = {isa = PBXBuildFile; productRef = D6AA8C03300BD56100E0B102 /* FirebaseMLModelDownloader */; };
		D6AA8C06300BD56100E0B102 /* FirebaseMessaging in Frameworks */ = {isa = PBXBuildFile; productRef = D6AA8C05300BD56100E0B102 /* FirebaseMessaging */; };
		D6AA8C08300BD56100E0B102 /* FirebasePerformance in Frameworks */ = {isa = PBXBuildFile; productRef = D6AA8C07300BD56100E0B102 /* FirebasePerformance */; };
		D6AA8C0A300BD56100E0B102 /* FirebaseRemoteConfig in Frameworks */ = {isa = PBXBuildFile; productRef = D6AA8C09300BD56100E0B102 /* FirebaseRemoteConfig */; };
		D6AA8C0C300BD56100E0B102 /* FirebaseStorage in Frameworks */ = {isa = PBXBuildFile; productRef = D6AA8C0B300BD56100E0B102 /* FirebaseStorage */; };
		D6AA8C0E300BD56100E0B102 /* FirebaseStorageCombine-Community in Frameworks */ = {isa = PBXBuildFile; productRef = D6AA8C0D300BD56100E0B102 /* FirebaseStorageCombine-Community */; };
		D6AA8C10300BD56100E0B102 /* FirebaseVertexAI in Frameworks */ = {isa = PBXBuildFile; productRef = D6AA8C0F300BD56100E0B102 /* FirebaseVertexAI */; };
/* End PBXBuildFile section */

/* Begin PBXFileReference section */
		D6AA8AE42FE55DE600E0B102 /* findfriends.app */ = {isa = PBXFileReference; explicitFileType = wrapper.application; includeInIndex = 0; path = findfriends.app; sourceTree = BUILT_PRODUCTS_DIR; };
/* End PBXFileReference section */

/* Begin PBXFileSystemSynchronizedRootGroup section */
		D6AA8AE62FE55DE600E0B102 /* findfriends */ = {
			isa = PBXFileSystemSynchronizedRootGroup;
			path = findfriends;
			sourceTree = "<group>";
		};
/* End PBXFileSystemSynchronizedRootGroup section */

/* Begin PBXFrameworksBuildPhase section */
		D6AA8AE12FE55DE600E0B102 /* Frameworks */ = {
			isa = PBXFrameworksBuildPhase;
			buildActionMask = 2147483647;
			files = (
				D6AA8C06300BD56100E0B102 /* FirebaseMessaging in Frameworks */,
				D6AA8B012FE55DE600E0B201 /* FirebaseAuth in Frameworks */,
				D6AA8BFC300BD56100E0B102 /* FirebaseFunctions in Frameworks */,
				D6AA8C0A300BD56100E0B102 /* FirebaseRemoteConfig in Frameworks */,
				D6AA8C00300BD56100E0B102 /* FirebaseInAppMessaging-Beta in Frameworks */,
				D6AA8BF8300BD56100E0B102 /* FirebaseCore in Frameworks */,
				D6AA8B032FE55DE600E0B203 /* FirebaseFirestore in Frameworks */,
				D6AA8BFA300BD56100E0B102 /* FirebaseFirestoreCombine-Community in Frameworks */,
				D6AA8C10300BD56100E0B102 /* FirebaseVertexAI in Frameworks */,
				D6AA8C0C300BD56100E0B102 /* FirebaseStorage in Frameworks */,
				D6AA8BF6300BD56100E0B102 /* FirebaseAnalytics in Frameworks */,
				D6AA8C0E300BD56100E0B102 /* FirebaseStorageCombine-Community in Frameworks */,
				D6AA8C04300BD56100E0B102 /* FirebaseMLModelDownloader in Frameworks */,
				D6AA8BF4300BD56100E0B102 /* FirebaseAI in Frameworks */,
				D6AA8C08300BD56100E0B102 /* FirebasePerformance in Frameworks */,
				D6AA8BFE300BD56100E0B102 /* FirebaseFunctionsCombine-Community in Frameworks */,
				D6AA8C02300BD56100E0B102 /* FirebaseInstallations in Frameworks */,
			);
			runOnlyForDeploymentPostprocessing = 0;
		};
/* End PBXFrameworksBuildPhase section */

/* Begin PBXGroup section */
		D6AA8ADB2FE55DE600E0B102 = {
			isa = PBXGroup;
			children = (
				D6AA8AE62FE55DE600E0B102 /* findfriends */,
				D6AA8AE52FE55DE600E0B102 /* Products */,
			);
			sourceTree = "<group>";
		};
		D6AA8AE52FE55DE600E0B102 /* Products */ = {
			isa = PBXGroup;
			children = (
				D6AA8AE42FE55DE600E0B102 /* findfriends.app */,
			);
			name = Products;
			sourceTree = "<group>";
		};
/* End PBXGroup section */

/* Begin PBXNativeTarget section */
		D6AA8AE32FE55DE600E0B102 /* findfriends */ = {
			isa = PBXNativeTarget;
			buildConfigurationList = D6AA8AF42FE55DE800E0B102 /* Build configuration list for PBXNativeTarget "findfriends" */;
			buildPhases = (
				D6AA8AE02FE55DE600E0B102 /* Sources */,
				D6AA8AE12FE55DE600E0B102 /* Frameworks */,
				D6AA8AE22FE55DE600E0B102 /* Resources */,
			);
			buildRules = (
			);
			dependencies = (
			);
			fileSystemSynchronizedGroups = (
				D6AA8AE62FE55DE600E0B102 /* findfriends */,
			);
			name = findfriends;
			packageProductDependencies = (
				D6AA8B022FE55DE600E0B202 /* FirebaseAuth */,
				D6AA8B042FE55DE600E0B204 /* FirebaseFirestore */,
				D6AA8BF3300BD56100E0B102 /* FirebaseAI */,
				D6AA8BF5300BD56100E0B102 /* FirebaseAnalytics */,
				D6AA8BF7300BD56100E0B102 /* FirebaseCore */,
				D6AA8BF9300BD56100E0B102 /* FirebaseFirestoreCombine-Community */,
				D6AA8BFB300BD56100E0B102 /* FirebaseFunctions */,
				D6AA8BFD300BD56100E0B102 /* FirebaseFunctionsCombine-Community */,
				D6AA8BFF300BD56100E0B102 /* FirebaseInAppMessaging-Beta */,
				D6AA8C01300BD56100E0B102 /* FirebaseInstallations */,
				D6AA8C03300BD56100E0B102 /* FirebaseMLModelDownloader */,
				D6AA8C05300BD56100E0B102 /* FirebaseMessaging */,
				D6AA8C07300BD56100E0B102 /* FirebasePerformance */,
				D6AA8C09300BD56100E0B102 /* FirebaseRemoteConfig */,
				D6AA8C0B300BD56100E0B102 /* FirebaseStorage */,
				D6AA8C0D300BD56100E0B102 /* FirebaseStorageCombine-Community */,
				D6AA8C0F300BD56100E0B102 /* FirebaseVertexAI */,
			);
			productName = findfriends;
			productReference = D6AA8AE42FE55DE600E0B102 /* findfriends.app */;
			productType = "com.apple.product-type.application";
		};
/* End PBXNativeTarget section */

/* Begin PBXProject section */
		D6AA8ADC2FE55DE600E0B102 /* Project object */ = {
			isa = PBXProject;
			attributes = {
				BuildIndependentTargetsInParallel = 1;
				LastSwiftUpdateCheck = 1620;
				LastUpgradeCheck = 1620;
				TargetAttributes = {
					D6AA8AE32FE55DE600E0B102 = {
						CreatedOnToolsVersion = 16.2;
					};
				};
			};
			buildConfigurationList = D6AA8ADF2FE55DE600E0B102 /* Build configuration list for PBXProject "findfriends" */;
			developmentRegion = en;
			hasScannedForEncodings = 0;
			knownRegions = (
				en,
				Base,
			);
			mainGroup = D6AA8ADB2FE55DE600E0B102;
			minimizedProjectReferenceProxies = 1;
			packageReferences = (
				D6AA8B002FE55DE600E0B200 /* XCRemoteSwiftPackageReference "firebase-ios-sdk" */,
			);
			preferredProjectObjectVersion = 77;
			productRefGroup = D6AA8AE52FE55DE600E0B102 /* Products */;
			projectDirPath = "";
			projectRoot = "";
			targets = (
				D6AA8AE32FE55DE600E0B102 /* findfriends */,
			);
		};
/* End PBXProject section */

/* Begin PBXResourcesBuildPhase section */
		D6AA8AE22FE55DE600E0B102 /* Resources */ = {
			isa = PBXResourcesBuildPhase;
			buildActionMask = 2147483647;
			files = (
			);
			runOnlyForDeploymentPostprocessing = 0;
		};
/* End PBXResourcesBuildPhase section */

/* Begin PBXSourcesBuildPhase section */
		D6AA8AE02FE55DE600E0B102 /* Sources */ = {
			isa = PBXSourcesBuildPhase;
			buildActionMask = 2147483647;
			files = (
			);
			runOnlyForDeploymentPostprocessing = 0;
		};
/* End PBXSourcesBuildPhase section */

/* Begin XCBuildConfiguration section */
		D6AA8AF22FE55DE800E0B102 /* Debug */ = {
			isa = XCBuildConfiguration;
			buildSettings = {
				ALWAYS_SEARCH_USER_PATHS = NO;
				ASSETCATALOG_COMPILER_GENERATE_SWIFT_ASSET_SYMBOL_EXTENSIONS = YES;
				CLANG_ANALYZER_NONNULL = YES;
				CLANG_ANALYZER_NUMBER_OBJECT_CONVERSION = YES_AGGRESSIVE;
				CLANG_CXX_LANGUAGE_STANDARD = "gnu++20";
				CLANG_ENABLE_MODULES = YES;
				CLANG_ENABLE_OBJC_ARC = YES;
				CLANG_ENABLE_OBJC_WEAK = YES;
				CLANG_WARN_BLOCK_CAPTURE_AUTORELEASING = YES;
				CLANG_WARN_BOOL_CONVERSION = YES;
				CLANG_WARN_COMMA = YES;
				CLANG_WARN_CONSTANT_CONVERSION = YES;
				CLANG_WARN_DEPRECATED_OBJC_IMPLEMENTATIONS = YES;
				CLANG_WARN_DIRECT_OBJC_ISA_USAGE = YES_ERROR;
				CLANG_WARN_DOCUMENTATION_COMMENTS = YES;
				CLANG_WARN_EMPTY_BODY = YES;
				CLANG_WARN_ENUM_CONVERSION = YES;
				CLANG_WARN_INFINITE_RECURSION = YES;
				CLANG_WARN_INT_CONVERSION = YES;
				CLANG_WARN_NON_LITERAL_NULL_CONVERSION = YES;
				CLANG_WARN_OBJC_IMPLICIT_RETAIN_SELF = YES;
				CLANG_WARN_OBJC_LITERAL_CONVERSION = YES;
				CLANG_WARN_OBJC_ROOT_CLASS = YES_ERROR;
				CLANG_WARN_QUOTED_INCLUDE_IN_FRAMEWORK_HEADER = YES;
				CLANG_WARN_RANGE_LOOP_ANALYSIS = YES;
				CLANG_WARN_STRICT_PROTOTYPES = YES;
				CLANG_WARN_SUSPICIOUS_MOVE = YES;
				CLANG_WARN_UNGUARDED_AVAILABILITY = YES_AGGRESSIVE;
				CLANG_WARN_UNREACHABLE_CODE = YES;
				CLANG_WARN__DUPLICATE_METHOD_MATCH = YES;
				COPY_PHASE_STRIP = NO;
				DEBUG_INFORMATION_FORMAT = dwarf;
				ENABLE_STRICT_OBJC_MSGSEND = YES;
				ENABLE_TESTABILITY = YES;
				ENABLE_USER_SCRIPT_SANDBOXING = YES;
				GCC_C_LANGUAGE_STANDARD = gnu17;
				GCC_DYNAMIC_NO_PIC = NO;
				GCC_NO_COMMON_BLOCKS = YES;
				GCC_OPTIMIZATION_LEVEL = 0;
				GCC_PREPROCESSOR_DEFINITIONS = (
					"DEBUG=1",
					"$(inherited)",
				);
				GCC_WARN_64_TO_32_BIT_CONVERSION = YES;
				GCC_WARN_ABOUT_RETURN_TYPE = YES_ERROR;
				GCC_WARN_UNDECLARED_SELECTOR = YES;
				GCC_WARN_UNINITIALIZED_AUTOS = YES_AGGRESSIVE;
				GCC_WARN_UNUSED_FUNCTION = YES;
				GCC_WARN_UNUSED_VARIABLE = YES;
				IPHONEOS_DEPLOYMENT_TARGET = 18.2;
				LOCALIZATION_PREFERS_STRING_CATALOGS = YES;
				MTL_ENABLE_DEBUG_INFO = INCLUDE_SOURCE;
				MTL_FAST_MATH = YES;
				ONLY_ACTIVE_ARCH = YES;
				SDKROOT = iphoneos;
				SWIFT_ACTIVE_COMPILATION_CONDITIONS = "DEBUG $(inherited)";
				SWIFT_OPTIMIZATION_LEVEL = "-Onone";
			};
			name = Debug;
		};
		D6AA8AF32FE55DE800E0B102 /* Release */ = {
			isa = XCBuildConfiguration;
			buildSettings = {
				ALWAYS_SEARCH_USER_PATHS = NO;
				ASSETCATALOG_COMPILER_GENERATE_SWIFT_ASSET_SYMBOL_EXTENSIONS = YES;
				CLANG_ANALYZER_NONNULL = YES;
				CLANG_ANALYZER_NUMBER_OBJECT_CONVERSION = YES_AGGRESSIVE;
				CLANG_CXX_LANGUAGE_STANDARD = "gnu++20";
				CLANG_ENABLE_MODULES = YES;
				CLANG_ENABLE_OBJC_ARC = YES;
				CLANG_ENABLE_OBJC_WEAK = YES;
				CLANG_WARN_BLOCK_CAPTURE_AUTORELEASING = YES;
				CLANG_WARN_BOOL_CONVERSION = YES;
				CLANG_WARN_COMMA = YES;
				CLANG_WARN_CONSTANT_CONVERSION = YES;
				CLANG_WARN_DEPRECATED_OBJC_IMPLEMENTATIONS = YES;
				CLANG_WARN_DIRECT_OBJC_ISA_USAGE = YES_ERROR;
				CLANG_WARN_DOCUMENTATION_COMMENTS = YES;
				CLANG_WARN_EMPTY_BODY = YES;
				CLANG_WARN_ENUM_CONVERSION = YES;
				CLANG_WARN_INFINITE_RECURSION = YES;
				CLANG_WARN_INT_CONVERSION = YES;
				CLANG_WARN_NON_LITERAL_NULL_CONVERSION = YES;
				CLANG_WARN_OBJC_IMPLICIT_RETAIN_SELF = YES;
				CLANG_WARN_OBJC_LITERAL_CONVERSION = YES;
				CLANG_WARN_OBJC_ROOT_CLASS = YES_ERROR;
				CLANG_WARN_QUOTED_INCLUDE_IN_FRAMEWORK_HEADER = YES;
				CLANG_WARN_RANGE_LOOP_ANALYSIS = YES;
				CLANG_WARN_STRICT_PROTOTYPES = YES;
				CLANG_WARN_SUSPICIOUS_MOVE = YES;
				CLANG_WARN_UNGUARDED_AVAILABILITY = YES_AGGRESSIVE;
				CLANG_WARN_UNREACHABLE_CODE = YES;
				CLANG_WARN__DUPLICATE_METHOD_MATCH = YES;
				COPY_PHASE_STRIP = NO;
				DEBUG_INFORMATION_FORMAT = "dwarf-with-dsym";
				ENABLE_NS_ASSERTIONS = NO;
				ENABLE_STRICT_OBJC_MSGSEND = YES;
				ENABLE_USER_SCRIPT_SANDBOXING = YES;
				GCC_C_LANGUAGE_STANDARD = gnu17;
				GCC_NO_COMMON_BLOCKS = YES;
				GCC_WARN_64_TO_32_BIT_CONVERSION = YES;
				GCC_WARN_ABOUT_RETURN_TYPE = YES_ERROR;
				GCC_WARN_UNDECLARED_SELECTOR = YES;
				GCC_WARN_UNINITIALIZED_AUTOS = YES_AGGRESSIVE;
				GCC_WARN_UNUSED_FUNCTION = YES;
				GCC_WARN_UNUSED_VARIABLE = YES;
				IPHONEOS_DEPLOYMENT_TARGET = 18.2;
				LOCALIZATION_PREFERS_STRING_CATALOGS = YES;
				MTL_ENABLE_DEBUG_INFO = NO;
				MTL_FAST_MATH = YES;
				SDKROOT = iphoneos;
				SWIFT_COMPILATION_MODE = wholemodule;
				VALIDATE_PRODUCT = YES;
			};
			name = Release;
		};
		D6AA8AF52FE55DE800E0B102 /* Debug */ = {
			isa = XCBuildConfiguration;
			buildSettings = {
				ASSETCATALOG_COMPILER_APPICON_NAME = AppIcon;
				ASSETCATALOG_COMPILER_GLOBAL_ACCENT_COLOR_NAME = AccentColor;
				CODE_SIGN_STYLE = Automatic;
				CURRENT_PROJECT_VERSION = 1;
				DEVELOPMENT_ASSET_PATHS = "\"findfriends/Preview Content\"";
				DEVELOPMENT_TEAM = TUWBYL2SX9;
				ENABLE_PREVIEWS = YES;
				GENERATE_INFOPLIST_FILE = YES;
				INFOPLIST_KEY_CFBundleDisplayName = "Find Friends";
				INFOPLIST_KEY_ITSAppUsesNonExemptEncryption = NO;
				INFOPLIST_KEY_LSApplicationCategoryType = "public.app-category.social-networking";
				INFOPLIST_KEY_NSLocationWhenInUseUsageDescription = "Find Friends uses your location to show you on the map and share it with friends you choose.";
				INFOPLIST_KEY_UIApplicationSceneManifest_Generation = YES;
				INFOPLIST_KEY_UIApplicationSupportsIndirectInputEvents = YES;
				INFOPLIST_KEY_UILaunchScreen_Generation = YES;
				INFOPLIST_KEY_UISupportedInterfaceOrientations_iPad = "UIInterfaceOrientationPortrait UIInterfaceOrientationPortraitUpsideDown UIInterfaceOrientationLandscapeLeft UIInterfaceOrientationLandscapeRight";
				INFOPLIST_KEY_UISupportedInterfaceOrientations_iPhone = UIInterfaceOrientationPortrait;
				LD_RUNPATH_SEARCH_PATHS = (
					"$(inherited)",
					"@executable_path/Frameworks",
				);
				MARKETING_VERSION = 1.0.0;
				PRODUCT_BUNDLE_IDENTIFIER = gudzak6.findfriends;
				PRODUCT_NAME = "$(TARGET_NAME)";
				SUPPORTED_PLATFORMS = "iphoneos iphonesimulator";
				SUPPORTS_MACCATALYST = NO;
				SWIFT_EMIT_LOC_STRINGS = YES;
				SWIFT_VERSION = 5.0;
				TARGETED_DEVICE_FAMILY = 1;
			};
			name = Debug;
		};
		D6AA8AF62FE55DE800E0B102 /* Release */ = {
			isa = XCBuildConfiguration;
			buildSettings = {
				ASSETCATALOG_COMPILER_APPICON_NAME = AppIcon;
				ASSETCATALOG_COMPILER_GLOBAL_ACCENT_COLOR_NAME = AccentColor;
				CODE_SIGN_STYLE = Automatic;
				CURRENT_PROJECT_VERSION = 1;
				DEVELOPMENT_ASSET_PATHS = "\"findfriends/Preview Content\"";
				DEVELOPMENT_TEAM = TUWBYL2SX9;
				ENABLE_PREVIEWS = YES;
				GENERATE_INFOPLIST_FILE = YES;
				INFOPLIST_KEY_CFBundleDisplayName = "Find Friends";
				INFOPLIST_KEY_ITSAppUsesNonExemptEncryption = NO;
				INFOPLIST_KEY_LSApplicationCategoryType = "public.app-category.social-networking";
				INFOPLIST_KEY_NSLocationWhenInUseUsageDescription = "Find Friends uses your location to show you on the map and share it with friends you choose.";
				INFOPLIST_KEY_UIApplicationSceneManifest_Generation = YES;
				INFOPLIST_KEY_UIApplicationSupportsIndirectInputEvents = YES;
				INFOPLIST_KEY_UILaunchScreen_Generation = YES;
				INFOPLIST_KEY_UISupportedInterfaceOrientations_iPad = "UIInterfaceOrientationPortrait UIInterfaceOrientationPortraitUpsideDown UIInterfaceOrientationLandscapeLeft UIInterfaceOrientationLandscapeRight";
				INFOPLIST_KEY_UISupportedInterfaceOrientations_iPhone = UIInterfaceOrientationPortrait;
				LD_RUNPATH_SEARCH_PATHS = (
					"$(inherited)",
					"@executable_path/Frameworks",
				);
				MARKETING_VERSION = 1.0.0;
				PRODUCT_BUNDLE_IDENTIFIER = gudzak6.findfriends;
				PRODUCT_NAME = "$(TARGET_NAME)";
				SUPPORTED_PLATFORMS = "iphoneos iphonesimulator";
				SUPPORTS_MACCATALYST = NO;
				SWIFT_EMIT_LOC_STRINGS = YES;
				SWIFT_VERSION = 5.0;
				TARGETED_DEVICE_FAMILY = 1;
			};
			name = Release;
		};
/* End XCBuildConfiguration section */

/* Begin XCConfigurationList section */
		D6AA8ADF2FE55DE600E0B102 /* Build configuration list for PBXProject "findfriends" */ = {
			isa = XCConfigurationList;
			buildConfigurations = (
				D6AA8AF22FE55DE800E0B102 /* Debug */,
				D6AA8AF32FE55DE800E0B102 /* Release */,
			);
			defaultConfigurationIsVisible = 0;
			defaultConfigurationName = Release;
		};
		D6AA8AF42FE55DE800E0B102 /* Build configuration list for PBXNativeTarget "findfriends" */ = {
			isa = XCConfigurationList;
			buildConfigurations = (
				D6AA8AF52FE55DE800E0B102 /* Debug */,
				D6AA8AF62FE55DE800E0B102 /* Release */,
			);
			defaultConfigurationIsVisible = 0;
			defaultConfigurationName = Release;
		};
/* End XCConfigurationList section */

/* Begin XCRemoteSwiftPackageReference section */
		D6AA8B002FE55DE600E0B200 /* XCRemoteSwiftPackageReference "firebase-ios-sdk" */ = {
			isa = XCRemoteSwiftPackageReference;
			repositoryURL = "https://github.com/firebase/firebase-ios-sdk";
			requirement = {
				kind = upToNextMajorVersion;
				minimumVersion = 11.0.0;
			};
		};
/* End XCRemoteSwiftPackageReference section */

/* Begin XCSwiftPackageProductDependency section */
		D6AA8B022FE55DE600E0B202 /* FirebaseAuth */ = {
			isa = XCSwiftPackageProductDependency;
			package = D6AA8B002FE55DE600E0B200 /* XCRemoteSwiftPackageReference "firebase-ios-sdk" */;
			productName = FirebaseAuth;
		};
		D6AA8B042FE55DE600E0B204 /* FirebaseFirestore */ = {
			isa = XCSwiftPackageProductDependency;
			package = D6AA8B002FE55DE600E0B200 /* XCRemoteSwiftPackageReference "firebase-ios-sdk" */;
			productName = FirebaseFirestore;
		};
		D6AA8BF3300BD56100E0B102 /* FirebaseAI */ = {
			isa = XCSwiftPackageProductDependency;
			productName = FirebaseAI;
		};
		D6AA8BF5300BD56100E0B102 /* FirebaseAnalytics */ = {
			isa = XCSwiftPackageProductDependency;
			productName = FirebaseAnalytics;
		};
		D6AA8BF7300BD56100E0B102 /* FirebaseCore */ = {
			isa = XCSwiftPackageProductDependency;
			productName = FirebaseCore;
		};
		D6AA8BF9300BD56100E0B102 /* FirebaseFirestoreCombine-Community */ = {
			isa = XCSwiftPackageProductDependency;
			productName = "FirebaseFirestoreCombine-Community";
		};
		D6AA8BFB300BD56100E0B102 /* FirebaseFunctions */ = {
			isa = XCSwiftPackageProductDependency;
			productName = FirebaseFunctions;
		};
		D6AA8BFD300BD56100E0B102 /* FirebaseFunctionsCombine-Community */ = {
			isa = XCSwiftPackageProductDependency;
			productName = "FirebaseFunctionsCombine-Community";
		};
		D6AA8BFF300BD56100E0B102 /* FirebaseInAppMessaging-Beta */ = {
			isa = XCSwiftPackageProductDependency;
			productName = "FirebaseInAppMessaging-Beta";
		};
		D6AA8C01300BD56100E0B102 /* FirebaseInstallations */ = {
			isa = XCSwiftPackageProductDependency;
			productName = FirebaseInstallations;
		};
		D6AA8C03300BD56100E0B102 /* FirebaseMLModelDownloader */ = {
			isa = XCSwiftPackageProductDependency;
			productName = FirebaseMLModelDownloader;
		};
		D6AA8C05300BD56100E0B102 /* FirebaseMessaging */ = {
			isa = XCSwiftPackageProductDependency;
			productName = FirebaseMessaging;
		};
		D6AA8C07300BD56100E0B102 /* FirebasePerformance */ = {
			isa = XCSwiftPackageProductDependency;
			productName = FirebasePerformance;
		};
		D6AA8C09300BD56100E0B102 /* FirebaseRemoteConfig */ = {
			isa = XCSwiftPackageProductDependency;
			productName = FirebaseRemoteConfig;
		};
		D6AA8C0B300BD56100E0B102 /* FirebaseStorage */ = {
			isa = XCSwiftPackageProductDependency;
			productName = FirebaseStorage;
		};
		D6AA8C0D300BD56100E0B102 /* FirebaseStorageCombine-Community */ = {
			isa = XCSwiftPackageProductDependency;
			productName = "FirebaseStorageCombine-Community";
		};
		D6AA8C0F300BD56100E0B102 /* FirebaseVertexAI */ = {
			isa = XCSwiftPackageProductDependency;
			productName = FirebaseVertexAI;
		};
/* End XCSwiftPackageProductDependency section */
	};
	rootObject = D6AA8ADC2FE55DE600E0B102 /* Project object */;
}
